
Microsoft Visual Studio Solution File, Format Version 12.00
# Visual Studio Version 17
VisualStudioVersion = 17.1.32210.238
MinimumVisualStudioVersion = 10.0.40219.1
Project("{FAE04EC0-301F-11D3-BF4B-00C04F79EFBC}") = "MyHelloCS31", "MyHelloCS31\MyHelloCS31.csproj", "{2ECFDA57-4D04-437F-A522-BC50927B1131}"
EndProject
Global
	GlobalSection(SolutionConfigurationPlatforms) = preSolution
		Debug|Any CPU = Debug|Any CPU
		Release|Any CPU = Release|Any CPU
	EndGlobalSection
	GlobalSection(ProjectConfigurationPlatforms) = postSolution
		{2ECFDA57-4D04-437F-A522-BC50927B1131}.Debug|Any CPU.ActiveCfg = Debug|Any CPU
		{2ECFDA57-4D04-437F-A522-BC50927B1131}.Debug|Any CPU.Build.0 = Debug|Any CPU
		{2ECFDA57-4D04-437F-A522-BC50927B1131}.Release|Any CPU.ActiveCfg = Release|Any CPU
		{2ECFDA57-4D04-437F-A522-BC50927B1131}.Release|Any CPU.Build.0 = Release|Any CPU
	EndGlobalSection
	GlobalSection(SolutionProperties) = preSolution
		HideSolutionNode = FALSE
	EndGlobalSection
	GlobalSection(ExtensibilityGlobals) = postSolution
		SolutionGuid = {8ABD69FA-22C8-4C44-B990-19C58517ECC0}
	EndGlobalSection
EndGlobal
